
Microsoft Visual Studio Solution File, Format Version 12.00
# Visual Studio Version 17
VisualStudioVersion = 17.6.33829.357
MinimumVisualStudioVersion = 10.0.40219.1
Project("{FAE04EC0-301F-11D3-BF4B-00C04F79EFBC}") = "MathProblemGenerator", "MathProblemGenerator\MathProblemGenerator.csproj", "{3D2C4AA9-977D-4BD9-BE09-0157B9170624}"
EndProject
Global
	GlobalSection(SolutionConfigurationPlatforms) = preSolution
		Debug|Any CPU = Debug|Any CPU
		Release|Any CPU = Release|Any CPU
	EndGlobalSection
	GlobalSection(ProjectConfigurationPlatforms) = postSolution
		{3D2C4AA9-977D-4BD9-BE09-0157B9170624}.Debug|Any CPU.ActiveCfg = Debug|Any CPU
		{3D2C4AA9-977D-4BD9-BE09-0157B9170624}.Debug|Any CPU.Build.0 = Debug|Any CPU
		{3D2C4AA9-977D-4BD9-BE09-0157B9170624}.Release|Any CPU.ActiveCfg = Release|Any CPU
		{3D2C4AA9-977D-4BD9-BE09-0157B9170624}.Release|Any CPU.Build.0 = Release|Any CPU
	EndGlobalSection
	GlobalSection(SolutionProperties) = preSolution
		HideSolutionNode = FALSE
	EndGlobalSection
	GlobalSection(ExtensibilityGlobals) = postSolution
		SolutionGuid = {4E23E2EA-E76C-45E8-916E-329E49D2FAA4}
	EndGlobalSection
EndGlobal
